
Microsoft Visual Studio Solution File, Format Version 12.00
# Visual Studio Version 16
VisualStudioVersion = 16.0.29306.81
MinimumVisualStudioVersion = 10.0.40219.1
Project("{FAE04EC0-301F-11D3-BF4B-00C04F79EFBC}") = "TuringPracticeTest", "TuringPracticeTest\TuringPracticeTest.csproj", "{83EC9A50-A3FF-4569-B06B-EB60D51B6874}"
EndProject
Global
	GlobalSection(SolutionConfigurationPlatforms) = preSolution
		Debug|Any CPU = Debug|Any CPU
		Release|Any CPU = Release|Any CPU
	EndGlobalSection
	GlobalSection(ProjectConfigurationPlatforms) = postSolution
		{83EC9A50-A3FF-4569-B06B-EB60D51B6874}.Debug|Any CPU.ActiveCfg = Debug|Any CPU
		{83EC9A50-A3FF-4569-B06B-EB60D51B6874}.Debug|Any CPU.Build.0 = Debug|Any CPU
		{83EC9A50-A3FF-4569-B06B-EB60D51B6874}.Release|Any CPU.ActiveCfg = Release|Any CPU
		{83EC9A50-A3FF-4569-B06B-EB60D51B6874}.Release|Any CPU.Build.0 = Release|Any CPU
	EndGlobalSection
	GlobalSection(SolutionProperties) = preSolution
		HideSolutionNode = FALSE
	EndGlobalSection
	GlobalSection(ExtensibilityGlobals) = postSolution
		SolutionGuid = {F98E3A7C-3873-49B7-B625-1C57F8D301C8}
	EndGlobalSection
EndGlobal
